PODS:
  - Amplify (1.29.2):
    - Amplify/Default (= 1.29.2)
  - Amplify/Default (1.29.2)
  - amplify_api_ios (0.0.1):
    - Amplify (= 1.29.2)
    - amplify_flutter_ios
    - AmplifyPlugins/AWSAPIPlugin (= 1.29.2)
    - Flutter
  - amplify_auth_cognito_ios (0.0.1):
    - Amplify (= 1.29.2)
    - amplify_flutter_ios
    - Flutter
  - amplify_flutter_ios (0.0.1):
    - Amplify (= 1.29.2)
    - AWSPluginsCore (= 1.29.2)
    - Flutter
  - amplify_secure_storage (0.0.1):
    - Flutter
  - AmplifyPlugins/AWSAPIPlugin (1.29.2):
    - AppSyncRealTimeClient (~> 3.0)
    - AWSCore (~> 2.30.1)
    - AWSPluginsCore (= 1.29.2)
  - AppSyncRealTimeClient (3.1.0):
    - Starscream (~> 4.0.4)
  - AWSCore (2.30.4)
  - AWSPluginsCore (1.29.2):
    - Amplify (= 1.29.2)
    - AWSCore (~> 2.30.1)
  - connectivity_plus (0.0.1):
    - Flutter
    - ReachabilitySwift
  - device_info_plus (0.0.1):
    - Flutter
  - Flutter (1.0.0)
  - flutter_ringtone_player (0.0.1):
    - Flutter
  - gaimon (0.0.1):
    - Flutter
  - motion_sensors (0.0.1):
    - Flutter
  - package_info_plus (0.4.5):
    - Flutter
  - path_provider_foundation (0.0.1):
    - Flutter
    - FlutterMacOS
  - ReachabilitySwift (5.0.0)
  - shared_preferences_foundation (0.0.1):
    - Flutter
    - FlutterMacOS
  - Starscream (4.0.4)

DEPENDENCIES:
  - amplify_api_ios (from `.symlinks/plugins/amplify_api_ios/ios`)
  - amplify_auth_cognito_ios (from `.symlinks/plugins/amplify_auth_cognito_ios/ios`)
  - amplify_flutter_ios (from `.symlinks/plugins/amplify_flutter_ios/ios`)
  - amplify_secure_storage (from `.symlinks/plugins/amplify_secure_storage/ios`)
  - connectivity_plus (from `.symlinks/plugins/connectivity_plus/ios`)
  - device_info_plus (from `.symlinks/plugins/device_info_plus/ios`)
  - Flutter (from `Flutter`)
  - flutter_ringtone_player (from `.symlinks/plugins/flutter_ringtone_player/ios`)
  - gaimon (from `.symlinks/plugins/gaimon/ios`)
  - motion_sensors (from `.symlinks/plugins/motion_sensors/ios`)
  - package_info_plus (from `.symlinks/plugins/package_info_plus/ios`)
  - path_provider_foundation (from `.symlinks/plugins/path_provider_foundation/ios`)
  - shared_preferences_foundation (from `.symlinks/plugins/shared_preferences_foundation/ios`)

SPEC REPOS:
  trunk:
    - Amplify
    - AmplifyPlugins
    - AppSyncRealTimeClient
    - AWSCore
    - AWSPluginsCore
    - ReachabilitySwift
    - Starscream

EXTERNAL SOURCES:
  amplify_api_ios:
    :path: ".symlinks/plugins/amplify_api_ios/ios"
  amplify_auth_cognito_ios:
    :path: ".symlinks/plugins/amplify_auth_cognito_ios/ios"
  amplify_flutter_ios:
    :path: ".symlinks/plugins/amplify_flutter_ios/ios"
  amplify_secure_storage:
    :path: ".symlinks/plugins/amplify_secure_storage/ios"
  connectivity_plus:
    :path: ".symlinks/plugins/connectivity_plus/ios"
  device_info_plus:
    :path: ".symlinks/plugins/device_info_plus/ios"
  Flutter:
    :path: Flutter
  flutter_ringtone_player:
    :path: ".symlinks/plugins/flutter_ringtone_player/ios"
  gaimon:
    :path: ".symlinks/plugins/gaimon/ios"
  motion_sensors:
    :path: ".symlinks/plugins/motion_sensors/ios"
  package_info_plus:
    :path: ".symlinks/plugins/package_info_plus/ios"
  path_provider_foundation:
    :path: ".symlinks/plugins/path_provider_foundation/ios"
  shared_preferences_foundation:
    :path: ".symlinks/plugins/shared_preferences_foundation/ios"

SPEC CHECKSUMS:
  Amplify: 955400b4b5f29832357f682e15c659d049028306
  amplify_api_ios: 931226e738de68fd845bc8897f8156357279e8cd
  amplify_auth_cognito_ios: 34fde9ef483cc1a822086d70b6b3dc29e4dd8fba
  amplify_flutter_ios: 9da0b5e66278d761b28a6df6af4e6df4829536d9
  amplify_secure_storage: 501cbdac671a050090d48dfcc002d5637d3f4a55
  AmplifyPlugins: 9ce2e86f2051f0ec38fcf4376efb936b6c617cce
  AppSyncRealTimeClient: 49901c6f21e541bec09281854c5695a6c1309bf7
  AWSCore: 19b8233fe2d0ed3ccf5cff833a615814282cdc90
  AWSPluginsCore: 787b6199af91f6662171cbd66ad9a876530aed50
  connectivity_plus: 413a8857dd5d9f1c399a39130850d02fe0feaf7e
  device_info_plus: e5c5da33f982a436e103237c0c85f9031142abed
  Flutter: f04841e97a9d0b0a8025694d0796dd46242b2854
  flutter_ringtone_player: 15eba85187230b87b2512f0e1b92225618bc03e7
  gaimon: 7688c586f38dcc4782e6fe26f648057d280a9d8b
  motion_sensors: 03f55b7c637a7e365a0b5f9697a449f9059d5d91
  package_info_plus: 6c92f08e1f853dc01228d6f553146438dafcd14e
  path_provider_foundation: 37748e03f12783f9de2cb2c4eadfaa25fe6d4852
  ReachabilitySwift: 985039c6f7b23a1da463388634119492ff86c825
  shared_preferences_foundation: 297b3ebca31b34ec92be11acd7fb0ba932c822ca
  Starscream: 5178aed56b316f13fa3bc55694e583d35dd414d9

PODFILE CHECKSUM: ef19549a9bc3046e7bb7d2fab4d021637c0c58a3

COCOAPODS: 1.11.3
